// !$*UTF8*$!
{archiveVersion = 1; classes = {}; objectVersion = 56; objects = {
D3A0D2A236D1894F43647CD6 = { isa = PBXFileReference; path = "Sources/VolleyCore/AnalysisProgress.swift"; sourceTree = "<group>"; lastKnownFileType = sourcecode.swift; };
D5228D64E1563C7A9CC4E0E2 = { isa = PBXBuildFile; fileRef = D3A0D2A236D1894F43647CD6; };
8DFAFB216583A2C00B73922E = { isa = PBXFileReference; path = "Sources/VolleyCore/AppStorage.swift"; sourceTree = "<group>"; lastKnownFileType = sourcecode.swift; };
C7737AA31F6DA1CF0A54A8F5 = { isa = PBXBuildFile; fileRef = 8DFAFB216583A2C00B73922E; };
A918BF82BD99012CBECC82DB = { isa = PBXFileReference; path = "Sources/VolleyCore/AudioFeatureExtractor.swift"; sourceTree = "<group>"; lastKnownFileType = sourcecode.swift; };
FB2E24BF62471D7C377DBF6B = { isa = PBXBuildFile; fileRef = A918BF82BD99012CBECC82DB; };
3A9A1AF92A872465D7F8592D = { isa = PBXFileReference; path = "Sources/VolleyCore/Chapters.swift"; sourceTree = "<group>"; lastKnownFileType = sourcecode.swift; };
A72F2B541341D825A70F5233 = { isa = PBXBuildFile; fileRef = 3A9A1AF92A872465D7F8592D; };
1AF96DF6F505983658905979 = { isa = PBXFileReference; path = "Sources/VolleyCore/EditorLayout.swift"; sourceTree = "<group>"; lastKnownFileType = sourcecode.swift; };
E1F5D865FE76484B1C52F8C1 = { isa = PBXBuildFile; fileRef = 1AF96DF6F505983658905979; };
7B89CD8B744EFE6CA5C7729F = { isa = PBXFileReference; path = "Sources/VolleyCore/EditorMath.swift"; sourceTree = "<group>"; lastKnownFileType = sourcecode.swift; };
51CC8404A309394F16AB162A = { isa = PBXBuildFile; fileRef = 7B89CD8B744EFE6CA5C7729F; };
3FB21DA231ADCE324437DB53 = { isa = PBXFileReference; path = "Sources/VolleyCore/EditorReview.swift"; sourceTree = "<group>"; lastKnownFileType = sourcecode.swift; };
CF4A4C848CA3113145BE12EE = { isa = PBXBuildFile; fileRef = 3FB21DA231ADCE324437DB53; };
E6CCA18C1F0A93D8B3606D93 = { isa = PBXFileReference; path = "Sources/VolleyCore/ExportTimeline.swift"; sourceTree = "<group>"; lastKnownFileType = sourcecode.swift; };
FF9E62673336D82A2A907818 = { isa = PBXBuildFile; fileRef = E6CCA18C1F0A93D8B3606D93; };
4D668E288D804EF898913EB8 = { isa = PBXFileReference; path = "Sources/VolleyCore/FeatureMath.swift"; sourceTree = "<group>"; lastKnownFileType = sourcecode.swift; };
227BA3CA0ED0D3D4C603D238 = { isa = PBXBuildFile; fileRef = 4D668E288D804EF898913EB8; };
082CB61C8126F560070F4729 = { isa = PBXFileReference; path = "Sources/VolleyCore/FeatureSchema.swift"; sourceTree = "<group>"; lastKnownFileType = sourcecode.swift; };
7477672F0585205C26E9294C = { isa = PBXBuildFile; fileRef = 082CB61C8126F560070F4729; };
C1AAA0E04836CD40343C62C7 = { isa = PBXFileReference; path = "Sources/VolleyCore/GuidedTour.swift"; sourceTree = "<group>"; lastKnownFileType = sourcecode.swift; };
CADE7EEA8972E2EAA420247B = { isa = PBXBuildFile; fileRef = C1AAA0E04836CD40343C62C7; };
68A2B0973718FE5C9051FE56 = { isa = PBXFileReference; path = "Sources/VolleyCore/InterfaceScale.swift"; sourceTree = "<group>"; lastKnownFileType = sourcecode.swift; };
86A7EA36375FDAA458AF9E3D = { isa = PBXBuildFile; fileRef = 68A2B0973718FE5C9051FE56; };
92C1AF103AD2D36CC32CB6B3 = { isa = PBXFileReference; path = "Sources/VolleyCore/ModelRunner.swift"; sourceTree = "<group>"; lastKnownFileType = sourcecode.swift; };
69D5BD7094BBD38A5729D7F4 = { isa = PBXBuildFile; fileRef = 92C1AF103AD2D36CC32CB6B3; };
9DEA026CD0B972325A002168 = { isa = PBXFileReference; path = "Sources/VolleyCore/ProcessingJob.swift"; sourceTree = "<group>"; lastKnownFileType = sourcecode.swift; };
8E93ED2AD381D764A7267421 = { isa = PBXBuildFile; fileRef = 9DEA026CD0B972325A002168; };
F2530AEA2CEE1203D26B59C2 = { isa = PBXFileReference; path = "Sources/VolleyCore/ProductionEnsemble.swift"; sourceTree = "<group>"; lastKnownFileType = sourcecode.swift; };
5090F22DC206B9865EE45D9A = { isa = PBXBuildFile; fileRef = F2530AEA2CEE1203D26B59C2; };
6FD1E4BA9B1D1A9331493D4A = { isa = PBXFileReference; path = "Sources/VolleyCore/ProjectArchive.swift"; sourceTree = "<group>"; lastKnownFileType = sourcecode.swift; };
A9219F791C6ECE53A1AAE30E = { isa = PBXBuildFile; fileRef = 6FD1E4BA9B1D1A9331493D4A; };
4359CE9A64DB8C9AE7C2EAF3 = { isa = PBXFileReference; path = "Sources/VolleyCore/ProjectDocument.swift"; sourceTree = "<group>"; lastKnownFileType = sourcecode.swift; };
6BE0435D5348B9648D94EE40 = { isa = PBXBuildFile; fileRef = 4359CE9A64DB8C9AE7C2EAF3; };
4C5FC57751FB98BDA53E5068 = { isa = PBXFileReference; path = "Sources/VolleyCore/ProjectPersistence.swift"; sourceTree = "<group>"; lastKnownFileType = sourcecode.swift; };
5AF9DA03BD5A3D7EF80B8793 = { isa = PBXBuildFile; fileRef = 4C5FC57751FB98BDA53E5068; };
F7B59BD8D532905572216A33 = { isa = PBXFileReference; path = "Sources/VolleyCore/RecordingImport.swift"; sourceTree = "<group>"; lastKnownFileType = sourcecode.swift; };
047FBFBE495A7A08A14DA8DF = { isa = PBXBuildFile; fileRef = F7B59BD8D532905572216A33; };
9079216F28BDA1707D7611DF = { isa = PBXFileReference; path = "Sources/VolleyCore/ScoreOverlay.swift"; sourceTree = "<group>"; lastKnownFileType = sourcecode.swift; };
4C405C5B11DB77343B6DAB61 = { isa = PBXBuildFile; fileRef = 9079216F28BDA1707D7611DF; };
17E5DA00C3D540EFBEF80E0E = { isa = PBXFileReference; path = "Sources/VolleyCore/ScoreTracking.swift"; sourceTree = "<group>"; lastKnownFileType = sourcecode.swift; };
AFBA7CAA730D7CC663CE0032 = { isa = PBXBuildFile; fileRef = 17E5DA00C3D540EFBEF80E0E; };
4AB475319A9251D58326822F = { isa = PBXFileReference; path = "Sources/VolleyCore/ServingSideInference.swift"; sourceTree = "<group>"; lastKnownFileType = sourcecode.swift; };
5168AEE19150853CFAEF4D5D = { isa = PBXBuildFile; fileRef = 4AB475319A9251D58326822F; };
94781B3694B7F04AC75EB0D4 = { isa = PBXFileReference; path = "Sources/VolleyCore/SideSwitchInference.swift"; sourceTree = "<group>"; lastKnownFileType = sourcecode.swift; };
01C4A0E478925A9602C8760D = { isa = PBXBuildFile; fileRef = 94781B3694B7F04AC75EB0D4; };
FCE431977448717ED7243EF5 = { isa = PBXFileReference; path = "Sources/VolleyCore/SuppressionModelRunner.swift"; sourceTree = "<group>"; lastKnownFileType = sourcecode.swift; };
B151ACD49CD7D55661A6CC59 = { isa = PBXBuildFile; fileRef = FCE431977448717ED7243EF5; };
894E34D3A2224067A8DD7D62 = { isa = PBXFileReference; path = "Sources/VolleyCore/SuppressionPolicyEngine.swift"; sourceTree = "<group>"; lastKnownFileType = sourcecode.swift; };
29B98068B68F19245E5CDE2E = { isa = PBXBuildFile; fileRef = 894E34D3A2224067A8DD7D62; };
F16DE4F1310038DB3D31DEE2 = { isa = PBXFileReference; path = "Sources/VolleyCore/TemporalFeatures.swift"; sourceTree = "<group>"; lastKnownFileType = sourcecode.swift; };
6036E582186D0691155E8974 = { isa = PBXBuildFile; fileRef = F16DE4F1310038DB3D31DEE2; };
15421266D67CDE4A4269AA9C = { isa = PBXFileReference; path = "App/AnalysisPipeline.swift"; sourceTree = "<group>"; lastKnownFileType = sourcecode.swift; };
447454841BB4A03711DBE54E = { isa = PBXBuildFile; fileRef = 15421266D67CDE4A4269AA9C; };
107B98023A6887C03C2E99B5 = { isa = PBXFileReference; path = "App/AppStorageView.swift"; sourceTree = "<group>"; lastKnownFileType = sourcecode.swift; };
B1C3D23A7F08EC015313FF48 = { isa = PBXBuildFile; fileRef = 107B98023A6887C03C2E99B5; };
D551B8F7200C42B1B5050172 = { isa = PBXFileReference; path = "App/ContinuedProcessingCoordinator.swift"; sourceTree = "<group>"; lastKnownFileType = sourcecode.swift; };
8A5EA9BECAF3C6B3006C2DF3 = { isa = PBXBuildFile; fileRef = D551B8F7200C42B1B5050172; };
77D8D3A3AB88845B5E66E215 = { isa = PBXFileReference; path = "App/DeviceExportCheck.swift"; sourceTree = "<group>"; lastKnownFileType = sourcecode.swift; };
DF7A428572FC11837DEB7B4B = { isa = PBXBuildFile; fileRef = 77D8D3A3AB88845B5E66E215; };
4787EC6E41F04479AAB96A86 = { isa = PBXFileReference; path = "App/DeviceMediaCheck.swift"; sourceTree = "<group>"; lastKnownFileType = sourcecode.swift; };
0FC58E8F6904B0F59EF01E97 = { isa = PBXBuildFile; fileRef = 4787EC6E41F04479AAB96A86; };
860E2E70000F60447A6DC194 = { isa = PBXFileReference; path = "App/DocumentExportPicker.swift"; sourceTree = "<group>"; lastKnownFileType = sourcecode.swift; };
CC48956C24212A1A2140D4ED = { isa = PBXBuildFile; fileRef = 860E2E70000F60447A6DC194; };
20F9BB9413C16F9D92A78BD5 = { isa = PBXFileReference; path = "App/EditorWorkspace.swift"; sourceTree = "<group>"; lastKnownFileType = sourcecode.swift; };
AA449E43B71DE0E83D022750 = { isa = PBXBuildFile; fileRef = 20F9BB9413C16F9D92A78BD5; };
F4BB23F2A1C5AE17A3CE52DD = { isa = PBXFileReference; path = "App/ExportDestination.swift"; sourceTree = "<group>"; lastKnownFileType = sourcecode.swift; };
588820737AE6BBCE19000FC7 = { isa = PBXBuildFile; fileRef = F4BB23F2A1C5AE17A3CE52DD; };
E36C4F9F637299275D0252D8 = { isa = PBXFileReference; path = "App/GuidedTourView.swift"; sourceTree = "<group>"; lastKnownFileType = sourcecode.swift; };
9D56B8C81B5C17694B50AF3B = { isa = PBXBuildFile; fileRef = E36C4F9F637299275D0252D8; };
65DB8BDBA165920A3CD78EA6 = { isa = PBXFileReference; path = "App/InterfaceScaling.swift"; sourceTree = "<group>"; lastKnownFileType = sourcecode.swift; };
4744C509D8161BA26081E75E = { isa = PBXBuildFile; fileRef = 65DB8BDBA165920A3CD78EA6; };
B35D6F4469CAD36AC5237D72 = { isa = PBXFileReference; path = "App/MediaDecoder.swift"; sourceTree = "<group>"; lastKnownFileType = sourcecode.swift; };
3D4536C6A0ED30F76A7182CC = { isa = PBXBuildFile; fileRef = B35D6F4469CAD36AC5237D72; };
ADA13A5431656FBF9246CECA = { isa = PBXFileReference; path = "App/MP4ChapterWriter.swift"; sourceTree = "<group>"; lastKnownFileType = sourcecode.swift; };
90248C6D29883B101EA2AE73 = { isa = PBXBuildFile; fileRef = ADA13A5431656FBF9246CECA; };
BC9D5E4D6608135B9F19F63F = { isa = PBXFileReference; path = "App/NewProjectWorkspace.swift"; sourceTree = "<group>"; lastKnownFileType = sourcecode.swift; };
6506A97E876981B50BFF6EBF = { isa = PBXBuildFile; fileRef = BC9D5E4D6608135B9F19F63F; };
EA2618CCD30F364B047A54C5 = { isa = PBXFileReference; path = "App/PhotoKitVideoSource.swift"; sourceTree = "<group>"; lastKnownFileType = sourcecode.swift; };
DBF2AFD021C7B4D049DDE019 = { isa = PBXBuildFile; fileRef = EA2618CCD30F364B047A54C5; };
25AF2B7D728C930DFB46A3A9 = { isa = PBXFileReference; path = "App/PhotoVideoPicker.swift"; sourceTree = "<group>"; lastKnownFileType = sourcecode.swift; };
1841A94B8AFE04A3F057DEA3 = { isa = PBXBuildFile; fileRef = 25AF2B7D728C930DFB46A3A9; };
62A3AAB48B5712767FFF13FC = { isa = PBXFileReference; path = "App/ProcessingJobStore.swift"; sourceTree = "<group>"; lastKnownFileType = sourcecode.swift; };
21C61B6ADDC207DC6D9252FB = { isa = PBXBuildFile; fileRef = 62A3AAB48B5712767FFF13FC; };
A4C866D435665609E87A3220 = { isa = PBXFileReference; path = "App/ProcessingQueue.swift"; sourceTree = "<group>"; lastKnownFileType = sourcecode.swift; };
69DF97DE480A83F0C0AB22C0 = { isa = PBXBuildFile; fileRef = A4C866D435665609E87A3220; };
93DA4B926E86C94981DE3A79 = { isa = PBXFileReference; path = "App/ProjectSession.swift"; sourceTree = "<group>"; lastKnownFileType = sourcecode.swift; };
7F1C0BF76CDAC43A9DC48B6E = { isa = PBXBuildFile; fileRef = 93DA4B926E86C94981DE3A79; };
39AF58724BC0C4B984BA470A = { isa = PBXFileReference; path = "App/ScoreAnalysis.swift"; sourceTree = "<group>"; lastKnownFileType = sourcecode.swift; };
0C944F65F8EB252E8E7A796E = { isa = PBXBuildFile; fileRef = 39AF58724BC0C4B984BA470A; };
5D03F7D6270103563B491029 = { isa = PBXFileReference; path = "App/ScoreOverlayRenderer.swift"; sourceTree = "<group>"; lastKnownFileType = sourcecode.swift; };
1158EBD38E08DEE3E0D75418 = { isa = PBXBuildFile; fileRef = 5D03F7D6270103563B491029; };
79A5428EBD8AEA1956B69708 = { isa = PBXFileReference; path = "App/ServingSideFeatureExtractor.swift"; sourceTree = "<group>"; lastKnownFileType = sourcecode.swift; };
D888F9F502487A52079C3552 = { isa = PBXBuildFile; fileRef = 79A5428EBD8AEA1956B69708; };
1B44414045EA57BFE1425D89 = { isa = PBXFileReference; path = "App/SetupAnalysisProgress.swift"; sourceTree = "<group>"; lastKnownFileType = sourcecode.swift; };
C3F8992FE4AD94377B0C518B = { isa = PBXBuildFile; fileRef = 1B44414045EA57BFE1425D89; };
5530723CD60F0611FAF22240 = { isa = PBXFileReference; path = "App/SideSwitchFeatureExtractor.swift"; sourceTree = "<group>"; lastKnownFileType = sourcecode.swift; };
AA92F0D598F69CCCDC7EE57C = { isa = PBXBuildFile; fileRef = 5530723CD60F0611FAF22240; };
F03AEAD9DE5A302DA4DDEF90 = { isa = PBXFileReference; path = "App/SimulatorParityFixture.swift"; sourceTree = "<group>"; lastKnownFileType = sourcecode.swift; };
5005C458DD41D552A16F0AB8 = { isa = PBXBuildFile; fileRef = F03AEAD9DE5A302DA4DDEF90; };
43E642AEA298E0E2B7C9341B = { isa = PBXFileReference; path = "App/SourceVideoAccess.swift"; sourceTree = "<group>"; lastKnownFileType = sourcecode.swift; };
E0C6FFC37B0863510E6A8F1F = { isa = PBXBuildFile; fileRef = 43E642AEA298E0E2B7C9341B; };
1F9E494E303FD9B012EC1194 = { isa = PBXFileReference; path = "App/SpecialistFrameDecoder.swift"; sourceTree = "<group>"; lastKnownFileType = sourcecode.swift; };
364C4C04E1EFB6C356539210 = { isa = PBXBuildFile; fileRef = 1F9E494E303FD9B012EC1194; };
63887BBEC5D5B844636E681B = { isa = PBXFileReference; path = "App/VideoExporter.swift"; sourceTree = "<group>"; lastKnownFileType = sourcecode.swift; };
9E321FBFA31D4384920C39D4 = { isa = PBXBuildFile; fileRef = 63887BBEC5D5B844636E681B; };
4D66B97FE57A25FD6A71CCAD = { isa = PBXFileReference; path = "App/VisualFeatureExtractor.swift"; sourceTree = "<group>"; lastKnownFileType = sourcecode.swift; };
118C47BA58C9EE0D59C7E134 = { isa = PBXBuildFile; fileRef = 4D66B97FE57A25FD6A71CCAD; };
EDE594DAA91FCDBBDD6910D7 = { isa = PBXFileReference; path = "App/VolleySpliceApp.swift"; sourceTree = "<group>"; lastKnownFileType = sourcecode.swift; };
7A8DDA9365B4754AD4C66F9A = { isa = PBXBuildFile; fileRef = EDE594DAA91FCDBBDD6910D7; };
358F36EB144744333E7C8B3D = { isa = PBXFileReference; path = "App/WorkspaceProcessing.swift"; sourceTree = "<group>"; lastKnownFileType = sourcecode.swift; };
F945AE2B313E218204C9E956 = { isa = PBXBuildFile; fileRef = 358F36EB144744333E7C8B3D; };
FA9DA52D58D5E819E46525C5 = { isa = PBXFileReference; path = "App/YUVScoreCompositor.swift"; sourceTree = "<group>"; lastKnownFileType = sourcecode.swift; };
F56D630AC7958410B662DE6B = { isa = PBXBuildFile; fileRef = FA9DA52D58D5E819E46525C5; };
190869896392068CF91A3387 = { isa = PBXFileReference; path = "App/OpenCVBridge.mm"; sourceTree = "<group>"; lastKnownFileType = sourcecode.cpp.objcpp; };
4FBD23FA19126CFCC83B09D8 = { isa = PBXBuildFile; fileRef = 190869896392068CF91A3387; };
1551DA62C04B944A6D5ED453 = { isa = PBXFileReference; path = "App/ServingSideBridge.mm"; sourceTree = "<group>"; lastKnownFileType = sourcecode.cpp.objcpp; };
4054C199B6C8B923152A46F0 = { isa = PBXBuildFile; fileRef = 1551DA62C04B944A6D5ED453; };
D71F22351D604AD01468808A = { isa = PBXFileReference; path = "App/SideSwitchBridge.mm"; sourceTree = "<group>"; lastKnownFileType = sourcecode.cpp.objcpp; };
62C9B94A011BF0F2B6852D02 = { isa = PBXBuildFile; fileRef = D71F22351D604AD01468808A; };
059371B4DD57ABF65497966A = { isa = PBXFileReference; path = "App/Assets.xcassets"; sourceTree = "<group>"; lastKnownFileType = folder.assetcatalog; };
CB937D56FA89F170C3DE6EA1 = { isa = PBXBuildFile; fileRef = 059371B4DD57ABF65497966A; };
EA3E5B9BC7C29674EE2AB02E = { isa = PBXFileReference; path = "Fixtures/volleysplice_logo.png"; sourceTree = "<group>"; };
2B4FD90BC6D06E1C8B01683A = { isa = PBXBuildFile; fileRef = EA3E5B9BC7C29674EE2AB02E; };
073C422CC11E2125D6EFCE82 = { isa = PBXFileReference; path = "Fixtures/model-1ca43e38eefc.json"; sourceTree = "<group>"; };
C31F01E25CF6828DC0776DBE = { isa = PBXBuildFile; fileRef = 073C422CC11E2125D6EFCE82; };
21B71146889CB98E382CEC3E = { isa = PBXFileReference; path = "Fixtures/model-9c92b8e9333f.json"; sourceTree = "<group>"; };
1B91D00C9F7C15F6780C8238 = { isa = PBXBuildFile; fileRef = 21B71146889CB98E382CEC3E; };
6A764C4A0422C57966A311F1 = { isa = PBXFileReference; path = "Fixtures/suppression-overlap-exclusion-retrained.json"; sourceTree = "<group>"; };
BC30CB24B7EB32DB856193D7 = { isa = PBXBuildFile; fileRef = 6A764C4A0422C57966A311F1; };
D585FC1FC4D355D4E072D0F0 = { isa = PBXFileReference; path = "Fixtures/serving-side-85bc3325fbd4.json"; sourceTree = "<group>"; };
382D7456000705C05D33CB89 = { isa = PBXBuildFile; fileRef = D585FC1FC4D355D4E072D0F0; };
66A3E79592EDA1408B04AA3D = { isa = PBXFileReference; path = "Fixtures/side-switch-c2570481c30d.json"; sourceTree = "<group>"; };
D4B43386FADD99405CE082F6 = { isa = PBXBuildFile; fileRef = 66A3E79592EDA1408B04AA3D; };
173EFEB7C6515A0209286230 = { isa = PBXFileReference; path = "Fixtures/golden.json"; sourceTree = "<group>"; };
E9A5B8603765A5109BC14C57 = { isa = PBXBuildFile; fileRef = 173EFEB7C6515A0209286230; };
B57B73234283E00E8DCB0AB3 = { isa = PBXFileReference; path = "Fixtures/base.bin"; sourceTree = "<group>"; };
67DFD5CFB96BC634C839A359 = { isa = PBXBuildFile; fileRef = B57B73234283E00E8DCB0AB3; };
B048E838EC85A9AE2D489FE1 = { isa = PBXFileReference; path = "Fixtures/ios-editor-fixture.mp4"; sourceTree = "<group>"; };
3E42EF03A15735D63FE70D3E = { isa = PBXBuildFile; fileRef = B048E838EC85A9AE2D489FE1; };
C8619C603EF0B8ED7C8E857D = { isa = PBXFileReference; path = "Fixtures/ios-export-fixture.mp4"; sourceTree = "<group>"; };
57FBAEDCABF82D9FDA44868F = { isa = PBXBuildFile; fileRef = C8619C603EF0B8ED7C8E857D; };
A5EFFB5ED715101F7DFB3DDC = { isa = PBXFileReference; path = "Fixtures/overlay-fixture.mp4"; sourceTree = "<group>"; };
C7840631A7CEA47EF03B02F6 = { isa = PBXBuildFile; fileRef = A5EFFB5ED715101F7DFB3DDC; };
556E2AAB65E768B036F91E27 = { isa = PBXFileReference; path = "Fixtures/overlay-fixture-90.mp4"; sourceTree = "<group>"; };
8A6A515FCD09AF1C9A9A825D = { isa = PBXBuildFile; fileRef = 556E2AAB65E768B036F91E27; };
DA220FF0E3BD4C76021E7000 = { isa = PBXFileReference; path = "Fixtures/overlay-fixture-180.mp4"; sourceTree = "<group>"; };
795F24248F784A7C8C3ABF63 = { isa = PBXBuildFile; fileRef = DA220FF0E3BD4C76021E7000; };
7FCC1469248609454D8DF81E = { isa = PBXFileReference; path = "Fixtures/overlay-fixture-270.mp4"; sourceTree = "<group>"; };
4A4A80E5CFB56FA51DDEE788 = { isa = PBXBuildFile; fileRef = 7FCC1469248609454D8DF81E; };
EA2EBCBC108269C77D7C6D44 = { isa = PBXFileReference; path = "../../wslmac-dependencies/opencv-4.12.0/opencv2.framework"; sourceTree = "<group>"; lastKnownFileType = wrapper.framework; };
2869F3F5C36503230C302567 = { isa = PBXBuildFile; fileRef = EA2EBCBC108269C77D7C6D44; };
A8792157CB4F27FB949C035F = { isa = PBXFileReference; path = VolleySplice.app; sourceTree = BUILT_PRODUCTS_DIR; explicitFileType = wrapper.application; };
AD936FCBED631FA67E05C3EA = { isa = PBXGroup; children = (D3A0D2A236D1894F43647CD6,8DFAFB216583A2C00B73922E,A918BF82BD99012CBECC82DB,3A9A1AF92A872465D7F8592D,1AF96DF6F505983658905979,7B89CD8B744EFE6CA5C7729F,3FB21DA231ADCE324437DB53,E6CCA18C1F0A93D8B3606D93,4D668E288D804EF898913EB8,082CB61C8126F560070F4729,C1AAA0E04836CD40343C62C7,68A2B0973718FE5C9051FE56,92C1AF103AD2D36CC32CB6B3,9DEA026CD0B972325A002168,F2530AEA2CEE1203D26B59C2,6FD1E4BA9B1D1A9331493D4A,4359CE9A64DB8C9AE7C2EAF3,4C5FC57751FB98BDA53E5068,F7B59BD8D532905572216A33,9079216F28BDA1707D7611DF,17E5DA00C3D540EFBEF80E0E,4AB475319A9251D58326822F,94781B3694B7F04AC75EB0D4,FCE431977448717ED7243EF5,894E34D3A2224067A8DD7D62,F16DE4F1310038DB3D31DEE2,15421266D67CDE4A4269AA9C,107B98023A6887C03C2E99B5,D551B8F7200C42B1B5050172,77D8D3A3AB88845B5E66E215,4787EC6E41F04479AAB96A86,860E2E70000F60447A6DC194,20F9BB9413C16F9D92A78BD5,F4BB23F2A1C5AE17A3CE52DD,E36C4F9F637299275D0252D8,65DB8BDBA165920A3CD78EA6,B35D6F4469CAD36AC5237D72,ADA13A5431656FBF9246CECA,BC9D5E4D6608135B9F19F63F,EA2618CCD30F364B047A54C5,25AF2B7D728C930DFB46A3A9,62A3AAB48B5712767FFF13FC,A4C866D435665609E87A3220,93DA4B926E86C94981DE3A79,39AF58724BC0C4B984BA470A,5D03F7D6270103563B491029,79A5428EBD8AEA1956B69708,1B44414045EA57BFE1425D89,5530723CD60F0611FAF22240,F03AEAD9DE5A302DA4DDEF90,43E642AEA298E0E2B7C9341B,1F9E494E303FD9B012EC1194,63887BBEC5D5B844636E681B,4D66B97FE57A25FD6A71CCAD,EDE594DAA91FCDBBDD6910D7,358F36EB144744333E7C8B3D,FA9DA52D58D5E819E46525C5,190869896392068CF91A3387,1551DA62C04B944A6D5ED453,D71F22351D604AD01468808A,059371B4DD57ABF65497966A,EA3E5B9BC7C29674EE2AB02E,073C422CC11E2125D6EFCE82,21B71146889CB98E382CEC3E,6A764C4A0422C57966A311F1,D585FC1FC4D355D4E072D0F0,66A3E79592EDA1408B04AA3D,173EFEB7C6515A0209286230,B57B73234283E00E8DCB0AB3,B048E838EC85A9AE2D489FE1,C8619C603EF0B8ED7C8E857D,A5EFFB5ED715101F7DFB3DDC,556E2AAB65E768B036F91E27,DA220FF0E3BD4C76021E7000,7FCC1469248609454D8DF81E,EA2EBCBC108269C77D7C6D44,A8792157CB4F27FB949C035F); sourceTree = "<group>"; };
DE62F1BD2E122BBF6BD45B9C = { isa = PBXSourcesBuildPhase; buildActionMask = 2147483647; files = (D5228D64E1563C7A9CC4E0E2,C7737AA31F6DA1CF0A54A8F5,FB2E24BF62471D7C377DBF6B,A72F2B541341D825A70F5233,E1F5D865FE76484B1C52F8C1,51CC8404A309394F16AB162A,CF4A4C848CA3113145BE12EE,FF9E62673336D82A2A907818,227BA3CA0ED0D3D4C603D238,7477672F0585205C26E9294C,CADE7EEA8972E2EAA420247B,86A7EA36375FDAA458AF9E3D,69D5BD7094BBD38A5729D7F4,8E93ED2AD381D764A7267421,5090F22DC206B9865EE45D9A,A9219F791C6ECE53A1AAE30E,6BE0435D5348B9648D94EE40,5AF9DA03BD5A3D7EF80B8793,047FBFBE495A7A08A14DA8DF,4C405C5B11DB77343B6DAB61,AFBA7CAA730D7CC663CE0032,5168AEE19150853CFAEF4D5D,01C4A0E478925A9602C8760D,B151ACD49CD7D55661A6CC59,29B98068B68F19245E5CDE2E,6036E582186D0691155E8974,447454841BB4A03711DBE54E,B1C3D23A7F08EC015313FF48,8A5EA9BECAF3C6B3006C2DF3,DF7A428572FC11837DEB7B4B,0FC58E8F6904B0F59EF01E97,CC48956C24212A1A2140D4ED,AA449E43B71DE0E83D022750,588820737AE6BBCE19000FC7,9D56B8C81B5C17694B50AF3B,4744C509D8161BA26081E75E,3D4536C6A0ED30F76A7182CC,90248C6D29883B101EA2AE73,6506A97E876981B50BFF6EBF,DBF2AFD021C7B4D049DDE019,1841A94B8AFE04A3F057DEA3,21C61B6ADDC207DC6D9252FB,69DF97DE480A83F0C0AB22C0,7F1C0BF76CDAC43A9DC48B6E,0C944F65F8EB252E8E7A796E,1158EBD38E08DEE3E0D75418,D888F9F502487A52079C3552,C3F8992FE4AD94377B0C518B,AA92F0D598F69CCCDC7EE57C,5005C458DD41D552A16F0AB8,E0C6FFC37B0863510E6A8F1F,364C4C04E1EFB6C356539210,9E321FBFA31D4384920C39D4,118C47BA58C9EE0D59C7E134,7A8DDA9365B4754AD4C66F9A,F945AE2B313E218204C9E956,F56D630AC7958410B662DE6B,4FBD23FA19126CFCC83B09D8,4054C199B6C8B923152A46F0,62C9B94A011BF0F2B6852D02); runOnlyForDeploymentPostprocessing = 0; };
CCC8ECE80271796AF54350E8 = { isa = PBXResourcesBuildPhase; buildActionMask = 2147483647; files = (CB937D56FA89F170C3DE6EA1,2B4FD90BC6D06E1C8B01683A,C31F01E25CF6828DC0776DBE,1B91D00C9F7C15F6780C8238,BC30CB24B7EB32DB856193D7,382D7456000705C05D33CB89,D4B43386FADD99405CE082F6,E9A5B8603765A5109BC14C57,67DFD5CFB96BC634C839A359,3E42EF03A15735D63FE70D3E,57FBAEDCABF82D9FDA44868F,C7840631A7CEA47EF03B02F6,8A6A515FCD09AF1C9A9A825D,795F24248F784A7C8C3ABF63,4A4A80E5CFB56FA51DDEE788); runOnlyForDeploymentPostprocessing = 0; };
8A7588AD5FA397C62F95C6FE = { isa = PBXFrameworksBuildPhase; buildActionMask = 2147483647; files = (2869F3F5C36503230C302567); runOnlyForDeploymentPostprocessing = 0; };
1F14D62AEF4518CE7AC9123C = { isa = XCBuildConfiguration; name = Debug; buildSettings = {PRODUCT_NAME = "VolleySplice";PRODUCT_BUNDLE_IDENTIFIER = "com.vafrederico.VolleySplice";DEVELOPMENT_TEAM = "<apple-development-team-id>";CODE_SIGN_STYLE = "Automatic";CODE_SIGN_IDENTITY = "Apple Development";CURRENT_PROJECT_VERSION = "1";MARKETING_VERSION = "0.1.0";IPHONEOS_DEPLOYMENT_TARGET = "17.0";SDKROOT = "iphoneos";TARGETED_DEVICE_FAMILY = "1,2";SUPPORTED_PLATFORMS = "iphoneos iphonesimulator";ASSETCATALOG_COMPILER_APPICON_NAME = "AppIcon";SWIFT_VERSION = "5.0";SWIFT_OPTIMIZATION_LEVEL = "-O";ENABLE_TESTABILITY = "YES";SWIFT_ACTIVE_COMPILATION_CONDITIONS = "DEBUG";CLANG_CXX_LANGUAGE_STANDARD = "c++17";CLANG_ENABLE_MODULES = "YES";SWIFT_OBJC_BRIDGING_HEADER = "App/OpenCVBridge.h";FRAMEWORK_SEARCH_PATHS = "$(inherited) $(SRCROOT)/../../wslmac-dependencies/opencv-4.12.0";OTHER_LDFLAGS = "-lc++ -framework Accelerate -framework AVFoundation -framework CoreMedia -framework CoreVideo -framework CoreGraphics -framework UIKit -framework Foundation -framework ImageIO -framework QuartzCore -framework VideoToolbox";GENERATE_INFOPLIST_FILE = "YES";INFOPLIST_FILE = "App/Info.plist";INFOPLIST_KEY_CFBundleDisplayName = "VolleySplice";INFOPLIST_KEY_UILaunchScreen_Generation = "YES";INFOPLIST_KEY_UIFileSharingEnabled = "YES";INFOPLIST_KEY_LSSupportsOpeningDocumentsInPlace = "YES";INFOPLIST_KEY_UIApplicationSceneManifest_Generation = "YES";}; };
57921FA43AD736EA8673ED95 = { isa = XCBuildConfiguration; name = Release; buildSettings = {PRODUCT_NAME = "VolleySplice";PRODUCT_BUNDLE_IDENTIFIER = "com.vafrederico.VolleySplice";DEVELOPMENT_TEAM = "<apple-development-team-id>";CODE_SIGN_STYLE = "Automatic";CODE_SIGN_IDENTITY = "Apple Development";CURRENT_PROJECT_VERSION = "1";MARKETING_VERSION = "0.1.0";IPHONEOS_DEPLOYMENT_TARGET = "17.0";SDKROOT = "iphoneos";TARGETED_DEVICE_FAMILY = "1,2";SUPPORTED_PLATFORMS = "iphoneos iphonesimulator";ASSETCATALOG_COMPILER_APPICON_NAME = "AppIcon";SWIFT_VERSION = "5.0";SWIFT_OPTIMIZATION_LEVEL = "-O";ENABLE_TESTABILITY = "NO";SWIFT_ACTIVE_COMPILATION_CONDITIONS = "";CLANG_CXX_LANGUAGE_STANDARD = "c++17";CLANG_ENABLE_MODULES = "YES";SWIFT_OBJC_BRIDGING_HEADER = "App/OpenCVBridge.h";FRAMEWORK_SEARCH_PATHS = "$(inherited) $(SRCROOT)/../../wslmac-dependencies/opencv-4.12.0";OTHER_LDFLAGS = "-lc++ -framework Accelerate -framework AVFoundation -framework CoreMedia -framework CoreVideo -framework CoreGraphics -framework UIKit -framework Foundation -framework ImageIO -framework QuartzCore -framework VideoToolbox";GENERATE_INFOPLIST_FILE = "YES";INFOPLIST_FILE = "App/Info.plist";INFOPLIST_KEY_CFBundleDisplayName = "VolleySplice";INFOPLIST_KEY_UILaunchScreen_Generation = "YES";INFOPLIST_KEY_UIFileSharingEnabled = "YES";INFOPLIST_KEY_LSSupportsOpeningDocumentsInPlace = "YES";INFOPLIST_KEY_UIApplicationSceneManifest_Generation = "YES";}; };
74A0CEBD3A92BD59D9E7131D = { isa = XCConfigurationList; buildConfigurations = (1F14D62AEF4518CE7AC9123C,57921FA43AD736EA8673ED95); defaultConfigurationIsVisible = 0; defaultConfigurationName = Release; };
34A04005BCAF206EEC990BD9 = { isa = PBXNativeTarget; name = VolleySplice; productName = VolleySplice; productType = "com.apple.product-type.application"; productReference = A8792157CB4F27FB949C035F; buildConfigurationList = 74A0CEBD3A92BD59D9E7131D; buildPhases = (DE62F1BD2E122BBF6BD45B9C,8A7588AD5FA397C62F95C6FE,CCC8ECE80271796AF54350E8); dependencies = (); buildRules = (); };
F7DEE05DE3DFCA772236BC66 = { isa = PBXFileReference; path = "Tests/AppIntegrationTests/AppOrientationDeclarationTests.swift"; sourceTree = "<group>"; lastKnownFileType = sourcecode.swift; };
E7E31D4B52C59C315AD11A0A = { isa = PBXBuildFile; fileRef = F7DEE05DE3DFCA772236BC66; };
8DF435EF959C63B776E87DC0 = { isa = PBXFileReference; path = "Tests/AppIntegrationTests/EditorProjectBindingTests.swift"; sourceTree = "<group>"; lastKnownFileType = sourcecode.swift; };
8EFF6B435B1D58E75CEBCD1A = { isa = PBXBuildFile; fileRef = 8DF435EF959C63B776E87DC0; };
92BE96B961C881853C76F1D8 = { isa = PBXFileReference; path = "Tests/AppIntegrationTests/FeatureExtractionIntegrationTests.swift"; sourceTree = "<group>"; lastKnownFileType = sourcecode.swift; };
8036C002B98B55BEF9B2A03F = { isa = PBXBuildFile; fileRef = 92BE96B961C881853C76F1D8; };
DA68749BF28CA0C05F2C09D8 = { isa = PBXFileReference; path = "Tests/AppIntegrationTests/PhotoKitVideoSourceTests.swift"; sourceTree = "<group>"; lastKnownFileType = sourcecode.swift; };
CFDD4B9B0787C6C34E24F11E = { isa = PBXBuildFile; fileRef = DA68749BF28CA0C05F2C09D8; };
7CE253237BF826146804E8E6 = { isa = PBXFileReference; path = "Tests/AppIntegrationTests/QueueSnapshotTests.swift"; sourceTree = "<group>"; lastKnownFileType = sourcecode.swift; };
0E18715C637196D2AEBCB194 = { isa = PBXBuildFile; fileRef = 7CE253237BF826146804E8E6; };
A13E698B261A2643E882C97E = { isa = PBXFileReference; path = "Tests/AppIntegrationTests/ReferenceProjectImportTests.swift"; sourceTree = "<group>"; lastKnownFileType = sourcecode.swift; };
8263A527F19187C02862FC1F = { isa = PBXBuildFile; fileRef = A13E698B261A2643E882C97E; };
B6E750B14EE9B0D82A4E3174 = { isa = PBXFileReference; path = "Tests/AppIntegrationTests/RenderingIntegrationTests.swift"; sourceTree = "<group>"; lastKnownFileType = sourcecode.swift; };
D05FAC6C351096CE61EEFDD5 = { isa = PBXBuildFile; fileRef = B6E750B14EE9B0D82A4E3174; };
F8D8D09377583C6A101AAEB8 = { isa = PBXFileReference; path = "Tests/AppIntegrationTests/SourceVideoAccessTests.swift"; sourceTree = "<group>"; lastKnownFileType = sourcecode.swift; };
EC184FE77C779834F06D4216 = { isa = PBXBuildFile; fileRef = F8D8D09377583C6A101AAEB8; };
72A13160F5D406A96D0D025C = { isa = PBXFileReference; path = VolleySpliceTests.xctest; sourceTree = BUILT_PRODUCTS_DIR; explicitFileType = wrapper.cfbundle; };
14D0B38B1D96E34667068D57 = { isa = PBXSourcesBuildPhase; buildActionMask = 2147483647; files = (E7E31D4B52C59C315AD11A0A,8EFF6B435B1D58E75CEBCD1A,8036C002B98B55BEF9B2A03F,CFDD4B9B0787C6C34E24F11E,0E18715C637196D2AEBCB194,8263A527F19187C02862FC1F,D05FAC6C351096CE61EEFDD5,EC184FE77C779834F06D4216); runOnlyForDeploymentPostprocessing = 0; };
353F28B971656FA681DF76C5 = { isa = PBXContainerItemProxy; containerPortal = 244210E48437B6556980A702; proxyType = 1; remoteGlobalIDString = 34A04005BCAF206EEC990BD9; remoteInfo = VolleySplice; };
F8ED45D34BB883E22269414E = { isa = PBXTargetDependency; target = 34A04005BCAF206EEC990BD9; targetProxy = 353F28B971656FA681DF76C5; };
909B811AF77FF6E1B1E0A223 = { isa = XCBuildConfiguration; name = Debug; buildSettings = {PRODUCT_NAME = "VolleySpliceTests";PRODUCT_BUNDLE_IDENTIFIER = "com.vafrederico.VolleySpliceTests";SDKROOT = "iphoneos";SUPPORTED_PLATFORMS = "iphoneos iphonesimulator";TARGETED_DEVICE_FAMILY = "1,2";IPHONEOS_DEPLOYMENT_TARGET = "17.0";SWIFT_VERSION = "5.0";GENERATE_INFOPLIST_FILE = "YES";CODE_SIGNING_ALLOWED = "NO";TEST_HOST = "$(BUILT_PRODUCTS_DIR)/VolleySplice.app/VolleySplice";BUNDLE_LOADER = "$(TEST_HOST)";}; };
4817558D6DAB2422ED76C369 = { isa = XCBuildConfiguration; name = Release; buildSettings = {PRODUCT_NAME = "VolleySpliceTests";PRODUCT_BUNDLE_IDENTIFIER = "com.vafrederico.VolleySpliceTests";SDKROOT = "iphoneos";SUPPORTED_PLATFORMS = "iphoneos iphonesimulator";TARGETED_DEVICE_FAMILY = "1,2";IPHONEOS_DEPLOYMENT_TARGET = "17.0";SWIFT_VERSION = "5.0";GENERATE_INFOPLIST_FILE = "YES";CODE_SIGNING_ALLOWED = "NO";TEST_HOST = "$(BUILT_PRODUCTS_DIR)/VolleySplice.app/VolleySplice";BUNDLE_LOADER = "$(TEST_HOST)";}; };
D1A3714C4C07C0C50D2A28CF = { isa = XCConfigurationList; buildConfigurations = (909B811AF77FF6E1B1E0A223,4817558D6DAB2422ED76C369); defaultConfigurationIsVisible = 0; defaultConfigurationName = Debug; };
FA54CA5D2A2893A5F06EB3F2 = { isa = PBXNativeTarget; name = VolleySpliceTests; productName = VolleySpliceTests; productType = "com.apple.product-type.bundle.unit-test"; productReference = 72A13160F5D406A96D0D025C; buildConfigurationList = D1A3714C4C07C0C50D2A28CF; buildPhases = (14D0B38B1D96E34667068D57); dependencies = (F8ED45D34BB883E22269414E); buildRules = (); };
DD5F9919DCEC6E05AEF0B38C = { isa = PBXFileReference; path = "Tests/AppUITests/EditorParityUITests.swift"; sourceTree = "<group>"; lastKnownFileType = sourcecode.swift; };
DC6801C63AA1B50277ACB5CC = { isa = PBXBuildFile; fileRef = DD5F9919DCEC6E05AEF0B38C; };
01AAA06E3861A6D335A0ABB8 = { isa = PBXFileReference; path = "Tests/AppUITests/EditorTutorialUITests.swift"; sourceTree = "<group>"; lastKnownFileType = sourcecode.swift; };
28BBA4F9D3C1778FC6AE0D3D = { isa = PBXBuildFile; fileRef = 01AAA06E3861A6D335A0ABB8; };
8A6E10DEF9BD5587872452E2 = { isa = PBXFileReference; path = "Tests/AppUITests/ReferenceProjectUITests.swift"; sourceTree = "<group>"; lastKnownFileType = sourcecode.swift; };
584CFED88286177E5803FF48 = { isa = PBXBuildFile; fileRef = 8A6E10DEF9BD5587872452E2; };
464D91733E165F668DD44824 = { isa = PBXFileReference; path = "Tests/AppUITests/TimelineScoreVisibilityUITests.swift"; sourceTree = "<group>"; lastKnownFileType = sourcecode.swift; };
AD9FC9A3AB5183E992096CFC = { isa = PBXBuildFile; fileRef = 464D91733E165F668DD44824; };
98E04EC9C86AA0840E17F475 = { isa = PBXFileReference; path = "Tests/AppUITests/WorkspaceUITests.swift"; sourceTree = "<group>"; lastKnownFileType = sourcecode.swift; };
4307F7FD9A5EF3B0CC2A49F2 = { isa = PBXBuildFile; fileRef = 98E04EC9C86AA0840E17F475; };
337EEA76767DEC40297704E9 = { isa = PBXFileReference; path = VolleySpliceUITests.xctest; sourceTree = BUILT_PRODUCTS_DIR; explicitFileType = wrapper.cfbundle; };
823331CA6CE90A91F7B50E68 = { isa = PBXSourcesBuildPhase; buildActionMask = 2147483647; files = (DC6801C63AA1B50277ACB5CC,28BBA4F9D3C1778FC6AE0D3D,584CFED88286177E5803FF48,AD9FC9A3AB5183E992096CFC,4307F7FD9A5EF3B0CC2A49F2); runOnlyForDeploymentPostprocessing = 0; };
6742A670C0E75CF0AF7681BE = { isa = PBXContainerItemProxy; containerPortal = 244210E48437B6556980A702; proxyType = 1; remoteGlobalIDString = 34A04005BCAF206EEC990BD9; remoteInfo = VolleySplice; };
7E5CC97B54000AB228B42AD0 = { isa = PBXTargetDependency; target = 34A04005BCAF206EEC990BD9; targetProxy = 6742A670C0E75CF0AF7681BE; };
9D6FD8ECAA2DE4670815A4A2 = { isa = XCBuildConfiguration; name = Debug; buildSettings = {PRODUCT_NAME = "VolleySpliceUITests";PRODUCT_BUNDLE_IDENTIFIER = "com.vafrederico.VolleySpliceUITests";SDKROOT = "iphoneos";SUPPORTED_PLATFORMS = "iphoneos iphonesimulator";TARGETED_DEVICE_FAMILY = "1,2";IPHONEOS_DEPLOYMENT_TARGET = "17.0";SWIFT_VERSION = "5.0";GENERATE_INFOPLIST_FILE = "YES";CODE_SIGNING_ALLOWED = "NO";TEST_TARGET_NAME = "VolleySplice";}; };
B8B4A4CA460C0EEB1E62C7D2 = { isa = XCBuildConfiguration; name = Release; buildSettings = {PRODUCT_NAME = "VolleySpliceUITests";PRODUCT_BUNDLE_IDENTIFIER = "com.vafrederico.VolleySpliceUITests";SDKROOT = "iphoneos";SUPPORTED_PLATFORMS = "iphoneos iphonesimulator";TARGETED_DEVICE_FAMILY = "1,2";IPHONEOS_DEPLOYMENT_TARGET = "17.0";SWIFT_VERSION = "5.0";GENERATE_INFOPLIST_FILE = "YES";CODE_SIGNING_ALLOWED = "NO";TEST_TARGET_NAME = "VolleySplice";}; };
07EE8DC38D584C78E20FE129 = { isa = XCConfigurationList; buildConfigurations = (9D6FD8ECAA2DE4670815A4A2,B8B4A4CA460C0EEB1E62C7D2); defaultConfigurationIsVisible = 0; defaultConfigurationName = Debug; };
B155406156A490ED53EA6E7D = { isa = PBXNativeTarget; name = VolleySpliceUITests; productName = VolleySpliceUITests; productType = "com.apple.product-type.bundle.ui-testing"; productReference = 337EEA76767DEC40297704E9; buildConfigurationList = 07EE8DC38D584C78E20FE129; buildPhases = (823331CA6CE90A91F7B50E68); dependencies = (7E5CC97B54000AB228B42AD0); buildRules = (); };
244210E48437B6556980A702 = { isa = PBXProject; mainGroup = AD936FCBED631FA67E05C3EA; buildConfigurationList = 74A0CEBD3A92BD59D9E7131D; compatibilityVersion = "Xcode 14.0"; developmentRegion = en; knownRegions = (en,Base); projectDirPath = ""; projectRoot = ""; targets = (34A04005BCAF206EEC990BD9,FA54CA5D2A2893A5F06EB3F2,B155406156A490ED53EA6E7D); attributes = {LastUpgradeCheck = 2630;}; };
}; rootObject = 244210E48437B6556980A702;}
